{
    "_readme": [
        "This file locks the dependencies of your project to a known state",
        "Read more about it at https://getcomposer.org/doc/01-basic-usage.md#installing-dependencies",
        "This file is @generated automatically"
    ],
    "content-hash": "e651a1ecf78773ddb11cb172533b798f",
    "packages": [
        {
            "name": "alcaeus/mongo-php-adapter",
            "version": "1.1.9",
            "source": {
                "type": "git",
                "url": "https://github.com/alcaeus/mongo-php-adapter.git",
                "reference": "93b81ebef1b3a4d3ceb72f13a35057fe08a5048f"
            },
            "dist": {
                "type": "zip",
                "url": "https://api.github.com/repos/alcaeus/mongo-php-adapter/zipball/93b81ebef1b3a4d3ceb72f13a35057fe08a5048f",
                "reference": "93b81ebef1b3a4d3ceb72f13a35057fe08a5048f",
                "shasum": ""
            },
            "require": {
                "ext-ctype": "*",
                "ext-hash": "*",
                "ext-mongodb": "^1.2.0",
                "mongodb/mongodb": "^1.0.1",
                "php": "^5.6 || ^7.0"
            },
            "provide": {
                "ext-mongo": "1.6.14"
            },
            "require-dev": {
                "phpunit/phpunit": "^5.7.27 || ^6.0 || ^7.0",
                "squizlabs/php_codesniffer": "^3.2"
            },
            "type": "library",
            "extra": {
                "branch-alias": {
                    "dev-master": "1.1.x-dev"
                }
            },
            "autoload": {
                "psr-0": {
                    "Mongo": "lib/Mongo"
                },
                "psr-4": {
                    "Alcaeus\\MongoDbAdapter\\": "lib/Alcaeus/MongoDbAdapter"
                },
                "files": [
                    "lib/Mongo/functions.php"
                ]
            },
            "notification-url": "https://packagist.org/downloads/",
            "license": [
                "MIT"
            ],
            "authors": [
                {
                    "name": "alcaeus",
                    "email": "alcaeus@alcaeus.org"
                },
                {
                    "name": "Olivier Lechevalier",
                    "email": "olivier.lechevalier@gmail.com"
                }
            ],
            "description": "Adapter to provide ext-mongo interface on top of mongo-php-libary",
            "keywords": [
                "database",
                "mongodb"
            ],
            "time": "2019-08-07T05:52:28+00:00"
        },
        {
            "name": "mongodb/mongodb",
            "version": "1.4.3",
            "source": {
                "type": "git",
                "url": "https://github.com/mongodb/mongo-php-library.git",
                "reference": "18fca8cc8d0c2cc07f76605760d20632bb3dab96"
            },
            "dist": {
                "type": "zip",
                "url": "https://api.github.com/repos/mongodb/mongo-php-library/zipball/18fca8cc8d0c2cc07f76605760d20632bb3dab96",
                "reference": "18fca8cc8d0c2cc07f76605760d20632bb3dab96",
                "shasum": ""
            },
            "require": {
                "ext-hash": "*",
                "ext-json": "*",
                "ext-mongodb": "^1.5.0",
                "php": ">=5.5"
            },
            "require-dev": {
                "phpunit/phpunit": "^4.8.36 || ^6.4"
            },
            "type": "library",
            "autoload": {
                "psr-4": {
                    "MongoDB\\": "src/"
                },
                "files": [
                    "src/functions.php"
                ]
            },
            "notification-url": "https://packagist.org/downloads/",
            "license": [
                "Apache-2.0"
            ],
            "authors": [
                {
                    "name": "Jeremy Mikola",
                    "email": "jmikola@gmail.com"
                },
                {
                    "name": "Derick Rethans",
                    "email": "github@derickrethans.nl"
                },
                {
                    "name": "Katherine Walker",
                    "email": "katherine.walker@mongodb.com"
                }
            ],
            "description": "MongoDB driver library",
            "homepage": "https://jira.mongodb.org/browse/PHPLIB",
            "keywords": [
                "database",
                "driver",
                "mongodb",
                "persistence"
            ],
            "time": "2019-07-02T18:04:14+00:00"
        }
    ],
    "packages-dev": [],
    "aliases": [],
    "minimum-stability": "stable",
    "stability-flags": [],
    "prefer-stable": false,
    "prefer-lowest": false,
    "platform": [],
    "platform-dev": [],
    "platform-overrides": {
        "ext-mongo": "1.6.16"
    }
}
